
Microsoft Visual Studio Solution File, Format Version 11.00
# Visual C++ Express 2010
Project("{8BC9CEB8-8B4A-11D0-8D11-00A0C91BC942}") = "ML_Project1", "ML_Project1\ML_Project1.vcxproj", "{6E8414A7-35A3-421A-95FD-A23C515FBF95}"
EndProject
Global
	GlobalSection(SolutionConfigurationPlatforms) = preSolution
		Debug|Win32 = Debug|Win32
		Release|Win32 = Release|Win32
	EndGlobalSection
	GlobalSection(ProjectConfigurationPlatforms) = postSolution
		{6E8414A7-35A3-421A-95FD-A23C515FBF95}.Debug|Win32.ActiveCfg = Debug|Win32
		{6E8414A7-35A3-421A-95FD-A23C515FBF95}.Debug|Win32.Build.0 = Debug|Win32
		{6E8414A7-35A3-421A-95FD-A23C515FBF95}.Release|Win32.ActiveCfg = Release|Win32
		{6E8414A7-35A3-421A-95FD-A23C515FBF95}.Release|Win32.Build.0 = Release|Win32
	EndGlobalSection
	GlobalSection(SolutionProperties) = preSolution
		HideSolutionNode = FALSE
	EndGlobalSection
EndGlobal
